
Microsoft Visual Studio Solution File, Format Version 12.00
# Visual Studio Version 16
VisualStudioVersion = 16.0.31911.196
MinimumVisualStudioVersion = 10.0.40219.1
Project("{FAE04EC0-301F-11D3-BF4B-00C04F79EFBC}") = "ApplicationLayer", "TravelGuide\ApplicationLayer.csproj", "{15B24CAA-B08D-45B0-8D64-2181C2C54E51}"
EndProject
Project("{FAE04EC0-301F-11D3-BF4B-00C04F79EFBC}") = "DataAccessLayer", "DataAccessLayer\DataAccessLayer.csproj", "{B768669D-AA32-43C2-8BE2-194AB45A7BE5}"
EndProject
Global
	GlobalSection(SolutionConfigurationPlatforms) = preSolution
		Debug|Any CPU = Debug|Any CPU
		Release|Any CPU = Release|Any CPU
	EndGlobalSection
	GlobalSection(ProjectConfigurationPlatforms) = postSolution
		{15B24CAA-B08D-45B0-8D64-2181C2C54E51}.Debug|Any CPU.ActiveCfg = Debug|Any CPU
		{15B24CAA-B08D-45B0-8D64-2181C2C54E51}.Debug|Any CPU.Build.0 = Debug|Any CPU
		{15B24CAA-B08D-45B0-8D64-2181C2C54E51}.Release|Any CPU.ActiveCfg = Release|Any CPU
		{15B24CAA-B08D-45B0-8D64-2181C2C54E51}.Release|Any CPU.Build.0 = Release|Any CPU
		{B768669D-AA32-43C2-8BE2-194AB45A7BE5}.Debug|Any CPU.ActiveCfg = Debug|Any CPU
		{B768669D-AA32-43C2-8BE2-194AB45A7BE5}.Debug|Any CPU.Build.0 = Debug|Any CPU
		{B768669D-AA32-43C2-8BE2-194AB45A7BE5}.Release|Any CPU.ActiveCfg = Release|Any CPU
		{B768669D-AA32-43C2-8BE2-194AB45A7BE5}.Release|Any CPU.Build.0 = Release|Any CPU
	EndGlobalSection
	GlobalSection(SolutionProperties) = preSolution
		HideSolutionNode = FALSE
	EndGlobalSection
	GlobalSection(ExtensibilityGlobals) = postSolution
		SolutionGuid = {4F3AC049-1C38-4940-8043-50464143EDB5}
	EndGlobalSection
EndGlobal
